# @generated by Move, please check-in and do not edit manually.

[move]
version = 3

dependencies = [
  { id = "Sui", name = "Sui" },
]
manifest_digest = "3BD85AE983FFC11E1F7E44DCB4D86B635A066ED4A235025C32D954A056D6B4D5"
deps_digest = "F8BBB0CCB2491CA29A3DF03D6F92277A4F3574266507ACD77214D37ECA3F3082"

[[move.package]]
id = "MoveStdlib"
source = { git = "https://github.com/MystenLabs/sui.git", rev = "framework/testnet", subdir = "crates/sui-framework/packages/move-stdlib" }

[[move.package]]
id = "Sui"
source = { git = "https://github.com/MystenLabs/sui.git", rev = "framework/testnet", subdir = "crates/sui-framework/packages/sui-framework" }

dependencies = [
  { id = "MoveStdlib", name = "MoveStdlib" },
]

[move.toolchain-version]
compiler-version = "1.52.1"
edition = "2024"
flavor = "sui"

[env]

[env.testnet]
chain-id = "4c78adac"
original-published-id = "0xcdb08cb2f108f6e085cd1f7bf587a7e01c6ad3ca74ee58a5c71b18e6652d52f5"
latest-published-id = "0xcdb08cb2f108f6e085cd1f7bf587a7e01c6ad3ca74ee58a5c71b18e6652d52f5"
published-version = "1"
